
Microsoft Visual Studio Solution File, Format Version 12.00
# Visual Studio Version 17
VisualStudioVersion = 17.8.34309.116
MinimumVisualStudioVersion = 10.0.40219.1
Project("{2150E333-8FDC-42A3-9474-1A3956D46DE8}") = "src", "src", "{2D93E088-284B-4E68-B977-1B1033D5F97F}"
EndProject
Project("{2150E333-8FDC-42A3-9474-1A3956D46DE8}") = "test", "test", "{DDDD9241-863E-43DF-9E94-D2763BB4AF6C}"
EndProject
Project("{9A19103F-16F7-4668-BE54-9A1E7A4F7556}") = "Bookify.Domain", "Bookify.Domain\Bookify.Domain.csproj", "{CD7247F9-9400-4ACF-833A-BDD26A6FB1E0}"
EndProject
Project("{9A19103F-16F7-4668-BE54-9A1E7A4F7556}") = "Bookify.Application", "Bookify.Application\Bookify.Application.csproj", "{B1795C84-A6BC-4EB9-8159-C09FCEA12369}"
EndProject
Project("{9A19103F-16F7-4668-BE54-9A1E7A4F7556}") = "Bookify.Infrastructure", "Bookify.Infrastructure\Bookify.Infrastructure.csproj", "{4EB542E4-C0C3-4FDD-9B1B-A8525607FD60}"
EndProject
Project("{9A19103F-16F7-4668-BE54-9A1E7A4F7556}") = "Bookify.Api", "Bookify.Api\Bookify.Api.csproj", "{904FA7B4-59D5-47EE-8C7A-9EF9A217B735}"
EndProject
Global
	GlobalSection(SolutionConfigurationPlatforms) = preSolution
		Debug|Any CPU = Debug|Any CPU
		Release|Any CPU = Release|Any CPU
	EndGlobalSection
	GlobalSection(ProjectConfigurationPlatforms) = postSolution
		{CD7247F9-9400-4ACF-833A-BDD26A6FB1E0}.Debug|Any CPU.ActiveCfg = Debug|Any CPU
		{CD7247F9-9400-4ACF-833A-BDD26A6FB1E0}.Debug|Any CPU.Build.0 = Debug|Any CPU
		{CD7247F9-9400-4ACF-833A-BDD26A6FB1E0}.Release|Any CPU.ActiveCfg = Release|Any CPU
		{CD7247F9-9400-4ACF-833A-BDD26A6FB1E0}.Release|Any CPU.Build.0 = Release|Any CPU
		{B1795C84-A6BC-4EB9-8159-C09FCEA12369}.Debug|Any CPU.ActiveCfg = Debug|Any CPU
		{B1795C84-A6BC-4EB9-8159-C09FCEA12369}.Debug|Any CPU.Build.0 = Debug|Any CPU
		{B1795C84-A6BC-4EB9-8159-C09FCEA12369}.Release|Any CPU.ActiveCfg = Release|Any CPU
		{B1795C84-A6BC-4EB9-8159-C09FCEA12369}.Release|Any CPU.Build.0 = Release|Any CPU
		{4EB542E4-C0C3-4FDD-9B1B-A8525607FD60}.Debug|Any CPU.ActiveCfg = Debug|Any CPU
		{4EB542E4-C0C3-4FDD-9B1B-A8525607FD60}.Debug|Any CPU.Build.0 = Debug|Any CPU
		{4EB542E4-C0C3-4FDD-9B1B-A8525607FD60}.Release|Any CPU.ActiveCfg = Release|Any CPU
		{4EB542E4-C0C3-4FDD-9B1B-A8525607FD60}.Release|Any CPU.Build.0 = Release|Any CPU
		{904FA7B4-59D5-47EE-8C7A-9EF9A217B735}.Debug|Any CPU.ActiveCfg = Debug|Any CPU
		{904FA7B4-59D5-47EE-8C7A-9EF9A217B735}.Debug|Any CPU.Build.0 = Debug|Any CPU
		{904FA7B4-59D5-47EE-8C7A-9EF9A217B735}.Release|Any CPU.ActiveCfg = Release|Any CPU
		{904FA7B4-59D5-47EE-8C7A-9EF9A217B735}.Release|Any CPU.Build.0 = Release|Any CPU
	EndGlobalSection
	GlobalSection(SolutionProperties) = preSolution
		HideSolutionNode = FALSE
	EndGlobalSection
	GlobalSection(NestedProjects) = preSolution
		{CD7247F9-9400-4ACF-833A-BDD26A6FB1E0} = {2D93E088-284B-4E68-B977-1B1033D5F97F}
		{B1795C84-A6BC-4EB9-8159-C09FCEA12369} = {2D93E088-284B-4E68-B977-1B1033D5F97F}
		{4EB542E4-C0C3-4FDD-9B1B-A8525607FD60} = {2D93E088-284B-4E68-B977-1B1033D5F97F}
		{904FA7B4-59D5-47EE-8C7A-9EF9A217B735} = {2D93E088-284B-4E68-B977-1B1033D5F97F}
	EndGlobalSection
	GlobalSection(ExtensibilityGlobals) = postSolution
		SolutionGuid = {429AD7D5-1156-4040-B64C-9955C2FE1490}
	EndGlobalSection
EndGlobal
